
Microsoft Visual Studio Solution File, Format Version 12.00
# Visual Studio Version 16
VisualStudioVersion = 16.0.30503.244
MinimumVisualStudioVersion = 10.0.40219.1
Project("{FAE04EC0-301F-11D3-BF4B-00C04F79EFBC}") = "Tinder.API", "Tinder\Tinder.API.csproj", "{88321DA8-F282-4C90-A5ED-E5CBD9560E88}"
EndProject
Project("{FAE04EC0-301F-11D3-BF4B-00C04F79EFBC}") = "Tinder.DataModel", "Tinder.DataModel\Tinder.DataModel.csproj", "{1E3DB8D1-8514-4034-BD32-1665DB31FFFB}"
EndProject
Project("{FAE04EC0-301F-11D3-BF4B-00C04F79EFBC}") = "Tinder.ServiceModel", "Tinder.ServiceModel\Tinder.ServiceModel.csproj", "{649B472F-4D99-43AC-846F-4F65CA47F4FF}"
EndProject
Global
	GlobalSection(SolutionConfigurationPlatforms) = preSolution
		Debug|Any CPU = Debug|Any CPU
		Release|Any CPU = Release|Any CPU
	EndGlobalSection
	GlobalSection(ProjectConfigurationPlatforms) = postSolution
		{88321DA8-F282-4C90-A5ED-E5CBD9560E88}.Debug|Any CPU.ActiveCfg = Debug|Any CPU
		{88321DA8-F282-4C90-A5ED-E5CBD9560E88}.Debug|Any CPU.Build.0 = Debug|Any CPU
		{88321DA8-F282-4C90-A5ED-E5CBD9560E88}.Release|Any CPU.ActiveCfg = Release|Any CPU
		{88321DA8-F282-4C90-A5ED-E5CBD9560E88}.Release|Any CPU.Build.0 = Release|Any CPU
		{1E3DB8D1-8514-4034-BD32-1665DB31FFFB}.Debug|Any CPU.ActiveCfg = Debug|Any CPU
		{1E3DB8D1-8514-4034-BD32-1665DB31FFFB}.Debug|Any CPU.Build.0 = Debug|Any CPU
		{1E3DB8D1-8514-4034-BD32-1665DB31FFFB}.Release|Any CPU.ActiveCfg = Release|Any CPU
		{1E3DB8D1-8514-4034-BD32-1665DB31FFFB}.Release|Any CPU.Build.0 = Release|Any CPU
		{649B472F-4D99-43AC-846F-4F65CA47F4FF}.Debug|Any CPU.ActiveCfg = Debug|Any CPU
		{649B472F-4D99-43AC-846F-4F65CA47F4FF}.Debug|Any CPU.Build.0 = Debug|Any CPU
		{649B472F-4D99-43AC-846F-4F65CA47F4FF}.Release|Any CPU.ActiveCfg = Release|Any CPU
		{649B472F-4D99-43AC-846F-4F65CA47F4FF}.Release|Any CPU.Build.0 = Release|Any CPU
	EndGlobalSection
	GlobalSection(SolutionProperties) = preSolution
		HideSolutionNode = FALSE
	EndGlobalSection
	GlobalSection(ExtensibilityGlobals) = postSolution
		SolutionGuid = {22ECE199-B0E9-4594-BC2D-0671120E7CAF}
	EndGlobalSection
EndGlobal
